
Microsoft Visual Studio Solution File, Format Version 12.00
# Visual Studio Version 17
VisualStudioVersion = 17.8.34322.80
MinimumVisualStudioVersion = 10.0.40219.1
Project("{FAE04EC0-301F-11D3-BF4B-00C04F79EFBC}") = "Library", "Library.csproj", "{CEF23D2A-F039-4823-ACBB-FBE37D01BC75}"
EndProject
Global
	GlobalSection(SolutionConfigurationPlatforms) = preSolution
		Debug|Any CPU = Debug|Any CPU
		Release|Any CPU = Release|Any CPU
	EndGlobalSection
	GlobalSection(ProjectConfigurationPlatforms) = postSolution
		{CEF23D2A-F039-4823-ACBB-FBE37D01BC75}.Debug|Any CPU.ActiveCfg = Debug|Any CPU
		{CEF23D2A-F039-4823-ACBB-FBE37D01BC75}.Debug|Any CPU.Build.0 = Debug|Any CPU
		{CEF23D2A-F039-4823-ACBB-FBE37D01BC75}.Release|Any CPU.ActiveCfg = Release|Any CPU
		{CEF23D2A-F039-4823-ACBB-FBE37D01BC75}.Release|Any CPU.Build.0 = Release|Any CPU
	EndGlobalSection
	GlobalSection(SolutionProperties) = preSolution
		HideSolutionNode = FALSE
	EndGlobalSection
	GlobalSection(ExtensibilityGlobals) = postSolution
		SolutionGuid = {3295060C-16C0-498D-8CA7-0199026BEF1E}
	EndGlobalSection
EndGlobal
